
Microsoft Visual Studio Solution File, Format Version 12.00
# Visual Studio Version 16
VisualStudioVersion = 16.0.29418.71
MinimumVisualStudioVersion = 10.0.40219.1
Project("{FAE04EC0-301F-11D3-BF4B-00C04F79EFBC}") = "Iterations", "Iterations.csproj", "{1DB3C325-3012-470B-AAEA-2355E7C62A14}"
EndProject
Global
	GlobalSection(SolutionConfigurationPlatforms) = preSolution
		Debug|Any CPU = Debug|Any CPU
		Release|Any CPU = Release|Any CPU
	EndGlobalSection
	GlobalSection(ProjectConfigurationPlatforms) = postSolution
		{1DB3C325-3012-470B-AAEA-2355E7C62A14}.Debug|Any CPU.ActiveCfg = Debug|Any CPU
		{1DB3C325-3012-470B-AAEA-2355E7C62A14}.Debug|Any CPU.Build.0 = Debug|Any CPU
		{1DB3C325-3012-470B-AAEA-2355E7C62A14}.Release|Any CPU.ActiveCfg = Release|Any CPU
		{1DB3C325-3012-470B-AAEA-2355E7C62A14}.Release|Any CPU.Build.0 = Release|Any CPU
	EndGlobalSection
	GlobalSection(SolutionProperties) = preSolution
		HideSolutionNode = FALSE
	EndGlobalSection
	GlobalSection(ExtensibilityGlobals) = postSolution
		SolutionGuid = {23F584F4-6FE2-4C8F-8C89-9A3A47ADE91D}
	EndGlobalSection
EndGlobal
