
Microsoft Visual Studio Solution File, Format Version 12.00
# Visual Studio Version 16
VisualStudioVersion = 16.0.29411.108
MinimumVisualStudioVersion = 10.0.40219.1
Project("{FAE04EC0-301F-11D3-BF4B-00C04F79EFBC}") = "TypeConversion", "TypeConversion.csproj", "{F65BAE54-1150-412F-804D-650DC29C29BD}"
EndProject
Global
	GlobalSection(SolutionConfigurationPlatforms) = preSolution
		Debug|Any CPU = Debug|Any CPU
		Release|Any CPU = Release|Any CPU
	EndGlobalSection
	GlobalSection(ProjectConfigurationPlatforms) = postSolution
		{F65BAE54-1150-412F-804D-650DC29C29BD}.Debug|Any CPU.ActiveCfg = Debug|Any CPU
		{F65BAE54-1150-412F-804D-650DC29C29BD}.Debug|Any CPU.Build.0 = Debug|Any CPU
		{F65BAE54-1150-412F-804D-650DC29C29BD}.Release|Any CPU.ActiveCfg = Release|Any CPU
		{F65BAE54-1150-412F-804D-650DC29C29BD}.Release|Any CPU.Build.0 = Release|Any CPU
	EndGlobalSection
	GlobalSection(SolutionProperties) = preSolution
		HideSolutionNode = FALSE
	EndGlobalSection
	GlobalSection(ExtensibilityGlobals) = postSolution
		SolutionGuid = {184F66C6-EDF3-409A-87AD-6DA6404B533B}
	EndGlobalSection
EndGlobal
