
Microsoft Visual Studio Solution File, Format Version 12.00
# Visual Studio Version 16
VisualStudioVersion = 16.0.29418.71
MinimumVisualStudioVersion = 10.0.40219.1
Project("{FAE04EC0-301F-11D3-BF4B-00C04F79EFBC}") = "CSharpFundamentalsPath", "CSharpFundamentalsPath.csproj", "{02DD51F0-C002-471A-93FD-4A03D6835C94}"
EndProject
Global
	GlobalSection(SolutionConfigurationPlatforms) = preSolution
		Debug|Any CPU = Debug|Any CPU
		Release|Any CPU = Release|Any CPU
	EndGlobalSection
	GlobalSection(ProjectConfigurationPlatforms) = postSolution
		{02DD51F0-C002-471A-93FD-4A03D6835C94}.Debug|Any CPU.ActiveCfg = Debug|Any CPU
		{02DD51F0-C002-471A-93FD-4A03D6835C94}.Debug|Any CPU.Build.0 = Debug|Any CPU
		{02DD51F0-C002-471A-93FD-4A03D6835C94}.Release|Any CPU.ActiveCfg = Release|Any CPU
		{02DD51F0-C002-471A-93FD-4A03D6835C94}.Release|Any CPU.Build.0 = Release|Any CPU
	EndGlobalSection
	GlobalSection(SolutionProperties) = preSolution
		HideSolutionNode = FALSE
	EndGlobalSection
	GlobalSection(ExtensibilityGlobals) = postSolution
		SolutionGuid = {216120EB-93E4-4FC2-8A50-9046561F7672}
	EndGlobalSection
EndGlobal
