
Microsoft Visual Studio Solution File, Format Version 12.00
# Visual Studio Version 16
VisualStudioVersion = 16.0.29418.71
MinimumVisualStudioVersion = 10.0.40219.1
Project("{FAE04EC0-301F-11D3-BF4B-00C04F79EFBC}") = "Exercises01", "Exercises01.csproj", "{A3BF2788-0EAC-4D36-84D9-EAF07B09BB05}"
EndProject
Global
	GlobalSection(SolutionConfigurationPlatforms) = preSolution
		Debug|Any CPU = Debug|Any CPU
		Release|Any CPU = Release|Any CPU
	EndGlobalSection
	GlobalSection(ProjectConfigurationPlatforms) = postSolution
		{A3BF2788-0EAC-4D36-84D9-EAF07B09BB05}.Debug|Any CPU.ActiveCfg = Debug|Any CPU
		{A3BF2788-0EAC-4D36-84D9-EAF07B09BB05}.Debug|Any CPU.Build.0 = Debug|Any CPU
		{A3BF2788-0EAC-4D36-84D9-EAF07B09BB05}.Release|Any CPU.ActiveCfg = Release|Any CPU
		{A3BF2788-0EAC-4D36-84D9-EAF07B09BB05}.Release|Any CPU.Build.0 = Release|Any CPU
	EndGlobalSection
	GlobalSection(SolutionProperties) = preSolution
		HideSolutionNode = FALSE
	EndGlobalSection
	GlobalSection(ExtensibilityGlobals) = postSolution
		SolutionGuid = {E9CACAA2-E1B8-4926-8082-240CF511FDCD}
	EndGlobalSection
EndGlobal
