
Microsoft Visual Studio Solution File, Format Version 12.00
# Visual Studio Version 16
VisualStudioVersion = 16.0.29418.71
MinimumVisualStudioVersion = 10.0.40219.1
Project("{FAE04EC0-301F-11D3-BF4B-00C04F79EFBC}") = "CSharpFundamentalsStringBuilder", "CSharpFundamentalsStringBuilder.csproj", "{0BD51AD1-E8C2-40FA-9292-ADCE641B1B7A}"
EndProject
Global
	GlobalSection(SolutionConfigurationPlatforms) = preSolution
		Debug|Any CPU = Debug|Any CPU
		Release|Any CPU = Release|Any CPU
	EndGlobalSection
	GlobalSection(ProjectConfigurationPlatforms) = postSolution
		{0BD51AD1-E8C2-40FA-9292-ADCE641B1B7A}.Debug|Any CPU.ActiveCfg = Debug|Any CPU
		{0BD51AD1-E8C2-40FA-9292-ADCE641B1B7A}.Debug|Any CPU.Build.0 = Debug|Any CPU
		{0BD51AD1-E8C2-40FA-9292-ADCE641B1B7A}.Release|Any CPU.ActiveCfg = Release|Any CPU
		{0BD51AD1-E8C2-40FA-9292-ADCE641B1B7A}.Release|Any CPU.Build.0 = Release|Any CPU
	EndGlobalSection
	GlobalSection(SolutionProperties) = preSolution
		HideSolutionNode = FALSE
	EndGlobalSection
	GlobalSection(ExtensibilityGlobals) = postSolution
		SolutionGuid = {9CD0F1D9-FED3-4B0D-A8D8-D8EAA214B3E5}
	EndGlobalSection
EndGlobal
