
Microsoft Visual Studio Solution File, Format Version 12.00
# Visual Studio Version 16
VisualStudioVersion = 16.0.29418.71
MinimumVisualStudioVersion = 10.0.40219.1
Project("{FAE04EC0-301F-11D3-BF4B-00C04F79EFBC}") = "Exercises03", "Exercises03.csproj", "{33B82068-ADFB-40B1-A148-67F605C59FE6}"
EndProject
Global
	GlobalSection(SolutionConfigurationPlatforms) = preSolution
		Debug|Any CPU = Debug|Any CPU
		Release|Any CPU = Release|Any CPU
	EndGlobalSection
	GlobalSection(ProjectConfigurationPlatforms) = postSolution
		{33B82068-ADFB-40B1-A148-67F605C59FE6}.Debug|Any CPU.ActiveCfg = Debug|Any CPU
		{33B82068-ADFB-40B1-A148-67F605C59FE6}.Debug|Any CPU.Build.0 = Debug|Any CPU
		{33B82068-ADFB-40B1-A148-67F605C59FE6}.Release|Any CPU.ActiveCfg = Release|Any CPU
		{33B82068-ADFB-40B1-A148-67F605C59FE6}.Release|Any CPU.Build.0 = Release|Any CPU
	EndGlobalSection
	GlobalSection(SolutionProperties) = preSolution
		HideSolutionNode = FALSE
	EndGlobalSection
	GlobalSection(ExtensibilityGlobals) = postSolution
		SolutionGuid = {EF96267A-AE65-40D1-9AB9-49C8C6B45E04}
	EndGlobalSection
EndGlobal
