
Microsoft Visual Studio Solution File, Format Version 12.00
# Visual Studio Version 16
VisualStudioVersion = 16.0.29418.71
MinimumVisualStudioVersion = 10.0.40219.1
Project("{FAE04EC0-301F-11D3-BF4B-00C04F79EFBC}") = "Exercises05", "Exercises05.csproj", "{80248E09-0073-430A-8932-D6061F1A72F7}"
EndProject
Global
	GlobalSection(SolutionConfigurationPlatforms) = preSolution
		Debug|Any CPU = Debug|Any CPU
		Release|Any CPU = Release|Any CPU
	EndGlobalSection
	GlobalSection(ProjectConfigurationPlatforms) = postSolution
		{80248E09-0073-430A-8932-D6061F1A72F7}.Debug|Any CPU.ActiveCfg = Debug|Any CPU
		{80248E09-0073-430A-8932-D6061F1A72F7}.Debug|Any CPU.Build.0 = Debug|Any CPU
		{80248E09-0073-430A-8932-D6061F1A72F7}.Release|Any CPU.ActiveCfg = Release|Any CPU
		{80248E09-0073-430A-8932-D6061F1A72F7}.Release|Any CPU.Build.0 = Release|Any CPU
	EndGlobalSection
	GlobalSection(SolutionProperties) = preSolution
		HideSolutionNode = FALSE
	EndGlobalSection
	GlobalSection(ExtensibilityGlobals) = postSolution
		SolutionGuid = {6C7020D8-7FC7-4359-859B-4A77FDB33023}
	EndGlobalSection
EndGlobal
