
Microsoft Visual Studio Solution File, Format Version 12.00
# Visual Studio Version 16
VisualStudioVersion = 16.0.29418.71
MinimumVisualStudioVersion = 10.0.40219.1
Project("{FAE04EC0-301F-11D3-BF4B-00C04F79EFBC}") = "Exercises02", "Exercises02.csproj", "{05ECC141-8379-4A6C-8B37-2A9162F01403}"
EndProject
Global
	GlobalSection(SolutionConfigurationPlatforms) = preSolution
		Debug|Any CPU = Debug|Any CPU
		Release|Any CPU = Release|Any CPU
	EndGlobalSection
	GlobalSection(ProjectConfigurationPlatforms) = postSolution
		{05ECC141-8379-4A6C-8B37-2A9162F01403}.Debug|Any CPU.ActiveCfg = Debug|Any CPU
		{05ECC141-8379-4A6C-8B37-2A9162F01403}.Debug|Any CPU.Build.0 = Debug|Any CPU
		{05ECC141-8379-4A6C-8B37-2A9162F01403}.Release|Any CPU.ActiveCfg = Release|Any CPU
		{05ECC141-8379-4A6C-8B37-2A9162F01403}.Release|Any CPU.Build.0 = Release|Any CPU
	EndGlobalSection
	GlobalSection(SolutionProperties) = preSolution
		HideSolutionNode = FALSE
	EndGlobalSection
	GlobalSection(ExtensibilityGlobals) = postSolution
		SolutionGuid = {D60178BF-1B47-4DE9-AA81-E6C4C4A86C40}
	EndGlobalSection
EndGlobal
