
Microsoft Visual Studio Solution File, Format Version 12.00
# Visual Studio Version 16
VisualStudioVersion = 16.0.29418.71
MinimumVisualStudioVersion = 10.0.40219.1
Project("{FAE04EC0-301F-11D3-BF4B-00C04F79EFBC}") = "Exercises01", "Exercises01.csproj", "{0286055D-922F-452C-8843-C69F54300CEC}"
EndProject
Global
	GlobalSection(SolutionConfigurationPlatforms) = preSolution
		Debug|Any CPU = Debug|Any CPU
		Release|Any CPU = Release|Any CPU
	EndGlobalSection
	GlobalSection(ProjectConfigurationPlatforms) = postSolution
		{0286055D-922F-452C-8843-C69F54300CEC}.Debug|Any CPU.ActiveCfg = Debug|Any CPU
		{0286055D-922F-452C-8843-C69F54300CEC}.Debug|Any CPU.Build.0 = Debug|Any CPU
		{0286055D-922F-452C-8843-C69F54300CEC}.Release|Any CPU.ActiveCfg = Release|Any CPU
		{0286055D-922F-452C-8843-C69F54300CEC}.Release|Any CPU.Build.0 = Release|Any CPU
	EndGlobalSection
	GlobalSection(SolutionProperties) = preSolution
		HideSolutionNode = FALSE
	EndGlobalSection
	GlobalSection(ExtensibilityGlobals) = postSolution
		SolutionGuid = {9C5747BF-39AA-409A-8D8B-675FF94AD821}
	EndGlobalSection
EndGlobal
